<?xml version="1.0" encoding="utf-8"?>
<Project ToolsVersion="4.0" xmlns="http://schemas.microsoft.com/developer/msbuild/2003">
  <ItemGroup>
    <Filter Include="Source Files">
      <UniqueIdentifier>{4FC737F1-C7A5-4376-A066-2A32D752A2FF}</UniqueIdentifier>
      <Extensions>cpp;c;cc;cxx;def;odl;idl;hpj;bat;asm;asmx</Extensions>
    </Filter>
    <Filter Include="Header Files">
      <UniqueIdentifier>{93995380-89BD-4b04-88EB-625FBE52EBFB}</UniqueIdentifier>
      <Extensions>h;hh;hpp;hxx;hm;inl;inc;xsd</Extensions>
    </Filter>
    <Filter Include="Resource Files">
      <UniqueIdentifier>{67DA6AB6-F800-4c08-8B7A-83BB121AAD01}</UniqueIdentifier>
      <Extensions>rc;ico;cur;bmp;dlg;rc2;rct;bin;rgs;gif;jpg;jpeg;jpe;resx;tiff;tif;png;wav;mfcribbon-ms</Extensions>
    </Filter>
    <Filter Include="Test Files">
      <UniqueIdentifier>{16c6660a-8599-4a10-a695-ed33d190b484}</UniqueIdentifier>
    </Filter>
    <Filter Include="Test Files\Source">
      <UniqueIdentifier>{fbca4771-6f51-43fe-b52c-085f9c6d18cc}</UniqueIdentifier>
    </Filter>
    <Filter Include="Syntax Files">
      <UniqueIdentifier>{3137276c-40b4-47c5-b36b-a11fb424dc12}</UniqueIdentifier>
    </Filter>
    <Filter Include="Test Files\Dest">
      <UniqueIdentifier>{01205e79-d421-411f-94c6-9e95d07615e4}</UniqueIdentifier>
    </Filter>
    <Filter Include="Source Files\Analyzer">
      <UniqueIdentifier>{b4f37d80-87c8-4099-aaa6-8934fee322ac}</UniqueIdentifier>
    </Filter>
  </ItemGroup>
  <ItemGroup>
    <ClCompile Include="main.cpp">
      <Filter>Source Files</Filter>
    </ClCompile>
    <ClCompile Include="SyntaxAnalyzer.cpp">
      <Filter>Source Files\Analyzer</Filter>
    </ClCompile>
    <ClCompile Include="WordAnalyzer.cpp">
      <Filter>Source Files\Analyzer</Filter>
    </ClCompile>
  </ItemGroup>
  <ItemGroup>
    <ClInclude Include="WordAnalyzer.h">
      <Filter>Header Files</Filter>
    </ClInclude>
    <ClInclude Include="Symbol.h">
      <Filter>Header Files</Filter>
    </ClInclude>
    <ClInclude Include="SyntaxAnalyzer.h">
      <Filter>Header Files</Filter>
    </ClInclude>
    <ClInclude Include="analyzer.h">
      <Filter>Header Files</Filter>
    </ClInclude>
  </ItemGroup>
  <ItemGroup>
    <Text Include="test2.txt">
      <Filter>Test Files\Source</Filter>
    </Text>
    <Text Include="test3.txt">
      <Filter>Test Files\Source</Filter>
    </Text>
    <Text Include="test1.txt">
      <Filter>Test Files\Source</Filter>
    </Text>
    <Text Include="..\..\syntax\C0文法.txt">
      <Filter>Syntax Files</Filter>
    </Text>
    <Text Include="..\..\syntax\PL0文法.txt">
      <Filter>Syntax Files</Filter>
    </Text>
    <Text Include="output1.txt">
      <Filter>Test Files\Dest</Filter>
    </Text>
  </ItemGroup>
</Project>